
Microsoft Visual Studio Solution File, Format Version 12.00
# Visual Studio 15
VisualStudioVersion = 15.0.27130.2010
MinimumVisualStudioVersion = 10.0.40219.1
Project("{FAE04EC0-301F-11D3-BF4B-00C04F79EFBC}") = "BeerApp.Core", "src\BeerApp.Core\BeerApp.Core.csproj", "{C116DDA3-DF87-4F4F-AAB9-89EA1B30287A}"
EndProject
Project("{FAE04EC0-301F-11D3-BF4B-00C04F79EFBC}") = "BeerApp.Droid", "src\BeerApp.Droid\BeerApp.Droid.csproj", "{295FFF3D-E5CA-435D-A34D-9889AC81C710}"
EndProject
Project("{FAE04EC0-301F-11D3-BF4B-00C04F79EFBC}") = "BeerApp.iOS", "src\BeerApp.iOS\BeerApp.iOS.csproj", "{4E830D7B-AFB7-43F7-9DF4-298E0D032FB0}"
EndProject
Project("{2150E333-8FDC-42A3-9474-1A3956D46DE8}") = "!Solution Items", "!Solution Items", "{DE7E285F-1001-4D52-B4A4-31C0E2B14D65}"
	ProjectSection(SolutionItems) = preProject
		.editorconfig = .editorconfig
	EndProjectSection
EndProject
Global
	GlobalSection(SolutionConfigurationPlatforms) = preSolution
		Debug|Any CPU = Debug|Any CPU
		Debug|ARM = Debug|ARM
		Debug|iPhone = Debug|iPhone
		Debug|iPhoneSimulator = Debug|iPhoneSimulator
		Debug|x64 = Debug|x64
		Debug|x86 = Debug|x86
		Release|Any CPU = Release|Any CPU
		Release|ARM = Release|ARM
		Release|iPhone = Release|iPhone
		Release|iPhoneSimulator = Release|iPhoneSimulator
		Release|x64 = Release|x64
		Release|x86 = Release|x86
	EndGlobalSection
	GlobalSection(ProjectConfigurationPlatforms) = postSolution
		{C116DDA3-DF87-4F4F-AAB9-89EA1B30287A}.Debug|Any CPU.ActiveCfg = Debug|Any CPU
		{C116DDA3-DF87-4F4F-AAB9-89EA1B30287A}.Debug|Any CPU.Build.0 = Debug|Any CPU
		{C116DDA3-DF87-4F4F-AAB9-89EA1B30287A}.Debug|ARM.ActiveCfg = Debug|Any CPU
		{C116DDA3-DF87-4F4F-AAB9-89EA1B30287A}.Debug|ARM.Build.0 = Debug|Any CPU
		{C116DDA3-DF87-4F4F-AAB9-89EA1B30287A}.Debug|iPhone.ActiveCfg = Debug|Any CPU
		{C116DDA3-DF87-4F4F-AAB9-89EA1B30287A}.Debug|iPhone.Build.0 = Debug|Any CPU
		{C116DDA3-DF87-4F4F-AAB9-89EA1B30287A}.Debug|iPhoneSimulator.ActiveCfg = Debug|Any CPU
		{C116DDA3-DF87-4F4F-AAB9-89EA1B30287A}.Debug|iPhoneSimulator.Build.0 = Debug|Any CPU
		{C116DDA3-DF87-4F4F-AAB9-89EA1B30287A}.Debug|x64.ActiveCfg = Debug|Any CPU
		{C116DDA3-DF87-4F4F-AAB9-89EA1B30287A}.Debug|x64.Build.0 = Debug|Any CPU
		{C116DDA3-DF87-4F4F-AAB9-89EA1B30287A}.Debug|x86.ActiveCfg = Debug|Any CPU
		{C116DDA3-DF87-4F4F-AAB9-89EA1B30287A}.Debug|x86.Build.0 = Debug|Any CPU
		{C116DDA3-DF87-4F4F-AAB9-89EA1B30287A}.Release|Any CPU.ActiveCfg = Release|Any CPU
		{C116DDA3-DF87-4F4F-AAB9-89EA1B30287A}.Release|Any CPU.Build.0 = Release|Any CPU
		{C116DDA3-DF87-4F4F-AAB9-89EA1B30287A}.Release|ARM.ActiveCfg = Release|Any CPU
		{C116DDA3-DF87-4F4F-AAB9-89EA1B30287A}.Release|ARM.Build.0 = Release|Any CPU
		{C116DDA3-DF87-4F4F-AAB9-89EA1B30287A}.Release|iPhone.ActiveCfg = Release|Any CPU
		{C116DDA3-DF87-4F4F-AAB9-89EA1B30287A}.Release|iPhone.Build.0 = Release|Any CPU
		{C116DDA3-DF87-4F4F-AAB9-89EA1B30287A}.Release|iPhoneSimulator.ActiveCfg = Release|Any CPU
		{C116DDA3-DF87-4F4F-AAB9-89EA1B30287A}.Release|iPhoneSimulator.Build.0 = Release|Any CPU
		{C116DDA3-DF87-4F4F-AAB9-89EA1B30287A}.Release|x64.ActiveCfg = Release|Any CPU
		{C116DDA3-DF87-4F4F-AAB9-89EA1B30287A}.Release|x64.Build.0 = Release|Any CPU
		{C116DDA3-DF87-4F4F-AAB9-89EA1B30287A}.Release|x86.ActiveCfg = Release|Any CPU
		{C116DDA3-DF87-4F4F-AAB9-89EA1B30287A}.Release|x86.Build.0 = Release|Any CPU
		{295FFF3D-E5CA-435D-A34D-9889AC81C710}.Debug|Any CPU.ActiveCfg = Debug|Any CPU
		{295FFF3D-E5CA-435D-A34D-9889AC81C710}.Debug|Any CPU.Build.0 = Debug|Any CPU
		{295FFF3D-E5CA-435D-A34D-9889AC81C710}.Debug|Any CPU.Deploy.0 = Debug|Any CPU
		{295FFF3D-E5CA-435D-A34D-9889AC81C710}.Debug|ARM.ActiveCfg = Debug|Any CPU
		{295FFF3D-E5CA-435D-A34D-9889AC81C710}.Debug|ARM.Build.0 = Debug|Any CPU
		{295FFF3D-E5CA-435D-A34D-9889AC81C710}.Debug|ARM.Deploy.0 = Debug|Any CPU
		{295FFF3D-E5CA-435D-A34D-9889AC81C710}.Debug|iPhone.ActiveCfg = Debug|Any CPU
		{295FFF3D-E5CA-435D-A34D-9889AC81C710}.Debug|iPhone.Build.0 = Debug|Any CPU
		{295FFF3D-E5CA-435D-A34D-9889AC81C710}.Debug|iPhone.Deploy.0 = Debug|Any CPU
		{295FFF3D-E5CA-435D-A34D-9889AC81C710}.Debug|iPhoneSimulator.ActiveCfg = Debug|Any CPU
		{295FFF3D-E5CA-435D-A34D-9889AC81C710}.Debug|iPhoneSimulator.Build.0 = Debug|Any CPU
		{295FFF3D-E5CA-435D-A34D-9889AC81C710}.Debug|iPhoneSimulator.Deploy.0 = Debug|Any CPU
		{295FFF3D-E5CA-435D-A34D-9889AC81C710}.Debug|x64.ActiveCfg = Debug|Any CPU
		{295FFF3D-E5CA-435D-A34D-9889AC81C710}.Debug|x64.Build.0 = Debug|Any CPU
		{295FFF3D-E5CA-435D-A34D-9889AC81C710}.Debug|x64.Deploy.0 = Debug|Any CPU
		{295FFF3D-E5CA-435D-A34D-9889AC81C710}.Debug|x86.ActiveCfg = Debug|Any CPU
		{295FFF3D-E5CA-435D-A34D-9889AC81C710}.Debug|x86.Build.0 = Debug|Any CPU
		{295FFF3D-E5CA-435D-A34D-9889AC81C710}.Debug|x86.Deploy.0 = Debug|Any CPU
		{295FFF3D-E5CA-435D-A34D-9889AC81C710}.Release|Any CPU.ActiveCfg = Release|Any CPU
		{295FFF3D-E5CA-435D-A34D-9889AC81C710}.Release|Any CPU.Build.0 = Release|Any CPU
		{295FFF3D-E5CA-435D-A34D-9889AC81C710}.Release|Any CPU.Deploy.0 = Release|Any CPU
		{295FFF3D-E5CA-435D-A34D-9889AC81C710}.Release|ARM.ActiveCfg = Release|Any CPU
		{295FFF3D-E5CA-435D-A34D-9889AC81C710}.Release|ARM.Build.0 = Release|Any CPU
		{295FFF3D-E5CA-435D-A34D-9889AC81C710}.Release|ARM.Deploy.0 = Release|Any CPU
		{295FFF3D-E5CA-435D-A34D-9889AC81C710}.Release|iPhone.ActiveCfg = Release|Any CPU
		{295FFF3D-E5CA-435D-A34D-9889AC81C710}.Release|iPhone.Build.0 = Release|Any CPU
		{295FFF3D-E5CA-435D-A34D-9889AC81C710}.Release|iPhone.Deploy.0 = Release|Any CPU
		{295FFF3D-E5CA-435D-A34D-9889AC81C710}.Release|iPhoneSimulator.ActiveCfg = Release|Any CPU
		{295FFF3D-E5CA-435D-A34D-9889AC81C710}.Release|iPhoneSimulator.Build.0 = Release|Any CPU
		{295FFF3D-E5CA-435D-A34D-9889AC81C710}.Release|iPhoneSimulator.Deploy.0 = Release|Any CPU
		{295FFF3D-E5CA-435D-A34D-9889AC81C710}.Release|x64.ActiveCfg = Release|Any CPU
		{295FFF3D-E5CA-435D-A34D-9889AC81C710}.Release|x64.Build.0 = Release|Any CPU
		{295FFF3D-E5CA-435D-A34D-9889AC81C710}.Release|x64.Deploy.0 = Release|Any CPU
		{295FFF3D-E5CA-435D-A34D-9889AC81C710}.Release|x86.ActiveCfg = Release|Any CPU
		{295FFF3D-E5CA-435D-A34D-9889AC81C710}.Release|x86.Build.0 = Release|Any CPU
		{295FFF3D-E5CA-435D-A34D-9889AC81C710}.Release|x86.Deploy.0 = Release|Any CPU
		{4E830D7B-AFB7-43F7-9DF4-298E0D032FB0}.Debug|Any CPU.ActiveCfg = Debug|iPhone
		{4E830D7B-AFB7-43F7-9DF4-298E0D032FB0}.Debug|Any CPU.Build.0 = Debug|iPhone
		{4E830D7B-AFB7-43F7-9DF4-298E0D032FB0}.Debug|ARM.ActiveCfg = Debug|iPhone
		{4E830D7B-AFB7-43F7-9DF4-298E0D032FB0}.Debug|iPhone.ActiveCfg = Debug|iPhone
		{4E830D7B-AFB7-43F7-9DF4-298E0D032FB0}.Debug|iPhone.Build.0 = Debug|iPhone
		{4E830D7B-AFB7-43F7-9DF4-298E0D032FB0}.Debug|iPhone.Deploy.0 = Debug|iPhone
		{4E830D7B-AFB7-43F7-9DF4-298E0D032FB0}.Debug|iPhoneSimulator.ActiveCfg = Debug|iPhoneSimulator
		{4E830D7B-AFB7-43F7-9DF4-298E0D032FB0}.Debug|iPhoneSimulator.Build.0 = Debug|iPhoneSimulator
		{4E830D7B-AFB7-43F7-9DF4-298E0D032FB0}.Debug|iPhoneSimulator.Deploy.0 = Debug|iPhoneSimulator
		{4E830D7B-AFB7-43F7-9DF4-298E0D032FB0}.Debug|x64.ActiveCfg = Debug|iPhone
		{4E830D7B-AFB7-43F7-9DF4-298E0D032FB0}.Debug|x86.ActiveCfg = Debug|iPhone
		{4E830D7B-AFB7-43F7-9DF4-298E0D032FB0}.Release|Any CPU.ActiveCfg = Release|iPhone
		{4E830D7B-AFB7-43F7-9DF4-298E0D032FB0}.Release|ARM.ActiveCfg = Release|iPhone
		{4E830D7B-AFB7-43F7-9DF4-298E0D032FB0}.Release|iPhone.ActiveCfg = Release|iPhone
		{4E830D7B-AFB7-43F7-9DF4-298E0D032FB0}.Release|iPhone.Build.0 = Release|iPhone
		{4E830D7B-AFB7-43F7-9DF4-298E0D032FB0}.Release|iPhone.Deploy.0 = Release|iPhone
		{4E830D7B-AFB7-43F7-9DF4-298E0D032FB0}.Release|iPhoneSimulator.ActiveCfg = Release|iPhoneSimulator
		{4E830D7B-AFB7-43F7-9DF4-298E0D032FB0}.Release|iPhoneSimulator.Build.0 = Release|iPhoneSimulator
		{4E830D7B-AFB7-43F7-9DF4-298E0D032FB0}.Release|iPhoneSimulator.Deploy.0 = Release|iPhoneSimulator
		{4E830D7B-AFB7-43F7-9DF4-298E0D032FB0}.Release|x64.ActiveCfg = Release|iPhone
		{4E830D7B-AFB7-43F7-9DF4-298E0D032FB0}.Release|x86.ActiveCfg = Release|iPhone
	EndGlobalSection
	GlobalSection(SolutionProperties) = preSolution
		HideSolutionNode = FALSE
	EndGlobalSection
	GlobalSection(ExtensibilityGlobals) = postSolution
		SolutionGuid = {FB0E88AF-BCAC-45F6-86A3-B33A4E09E71A}
	EndGlobalSection
EndGlobal
